
Microsoft Visual Studio Solution File, Format Version 12.00
# Visual Studio Version 17
VisualStudioVersion = 17.11.35222.181
MinimumVisualStudioVersion = 10.0.40219.1
Project("{FAE04EC0-301F-11D3-BF4B-00C04F79EFBC}") = "PublishingHouse", "PublishingHouse.csproj", "{20DEF6A2-9F65-45E5-97B1-42C6C629C8EF}"
EndProject
Global
	GlobalSection(SolutionConfigurationPlatforms) = preSolution
		Debug|Any CPU = Debug|Any CPU
		Release|Any CPU = Release|Any CPU
	EndGlobalSection
	GlobalSection(ProjectConfigurationPlatforms) = postSolution
		{20DEF6A2-9F65-45E5-97B1-42C6C629C8EF}.Debug|Any CPU.ActiveCfg = Debug|Any CPU
		{20DEF6A2-9F65-45E5-97B1-42C6C629C8EF}.Debug|Any CPU.Build.0 = Debug|Any CPU
		{20DEF6A2-9F65-45E5-97B1-42C6C629C8EF}.Release|Any CPU.ActiveCfg = Release|Any CPU
		{20DEF6A2-9F65-45E5-97B1-42C6C629C8EF}.Release|Any CPU.Build.0 = Release|Any CPU
	EndGlobalSection
	GlobalSection(SolutionProperties) = preSolution
		HideSolutionNode = FALSE
	EndGlobalSection
	GlobalSection(ExtensibilityGlobals) = postSolution
		SolutionGuid = {2CD9CA69-F9D3-4515-B608-4E80EC6C0FF1}
	EndGlobalSection
EndGlobal
